Microsoft Visual Studio Solution File, Format Version 11.00
# Visual Studio 2010
Project("{F184B08F-C81C-45F6-A57F-5ABD9991F28F}") = "NwindDataSet", "NwindDataSet\NwindDataSet.vbproj", "{4E21F2F5-3899-4C81-9D50-6739E9E8EB8F}"
EndProject
Project("{F184B08F-C81C-45F6-A57F-5ABD9991F28F}") = "XtraPivotGridTutorial.Step1", "XtraPivotGridTutorial.Step1\XtraPivotGridTutorial.Step1.vbproj", "{D34FD528-2617-40FA-A166-9FC09FD04696}"
EndProject
Project("{F184B08F-C81C-45F6-A57F-5ABD9991F28F}") = "XtraPivotGridTutorial.Step2", "XtraPivotGridTutorial.Step2\XtraPivotGridTutorial.Step2.vbproj", "{00754511-F6AE-420B-853C-12E9BB3E4FB7}"
EndProject
Project("{F184B08F-C81C-45F6-A57F-5ABD9991F28F}") = "XtraPivotGridTutorial.Step3", "XtraPivotGridTutorial.Step3\XtraPivotGridTutorial.Step3.vbproj", "{5A5CAE8F-02AF-4C92-A5C2-B0E5FC66F57F}"
EndProject
Project("{F184B08F-C81C-45F6-A57F-5ABD9991F28F}") = "XtraPivotGridTutorial.Step4", "XtraPivotGridTutorial.Step4\XtraPivotGridTutorial.Step4.vbproj", "{2D6DD9D9-5D68-474D-9A06-FE2F3FD646F0}"
EndProject
Project("{F184B08F-C81C-45F6-A57F-5ABD9991F28F}") = "XtraPivotGridTutorial.Step5", "XtraPivotGridTutorial.Step5\XtraPivotGridTutorial.Step5.vbproj", "{31145696-5C2E-465A-AA3C-631920768922}"
EndProject
Project("{F184B08F-C81C-45F6-A57F-5ABD9991F28F}") = "XtraPivotGridTutorial.Step6", "XtraPivotGridTutorial.Step6\XtraPivotGridTutorial.Step6.vbproj", "{E2ADCE44-689D-4E3F-84FF-5CA207B83E1C}"
EndProject
Global
	GlobalSection(SolutionConfigurationPlatforms) = preSolution
		Debug|Any CPU = Debug|Any CPU
		Debug|x86 = Debug|x86
		Release|Any CPU = Release|Any CPU
		Release|x86 = Release|x86
	EndGlobalSection
	GlobalSection(ProjectConfigurationPlatforms) = postSolution
		{4E21F2F5-3899-4C81-9D50-6739E9E8EB8F}.Debug|Any CPU.ActiveCfg = Debug|x86
		{4E21F2F5-3899-4C81-9D50-6739E9E8EB8F}.Debug|Any CPU.Build.0 = Debug|x86
		{4E21F2F5-3899-4C81-9D50-6739E9E8EB8F}.Debug|x86.ActiveCfg = Debug|x86
		{4E21F2F5-3899-4C81-9D50-6739E9E8EB8F}.Debug|x86.Build.0 = Debug|x86
		{4E21F2F5-3899-4C81-9D50-6739E9E8EB8F}.Release|Any CPU.ActiveCfg = Release|Any CPU
		{4E21F2F5-3899-4C81-9D50-6739E9E8EB8F}.Release|Any CPU.Build.0 = Release|Any CPU
		{4E21F2F5-3899-4C81-9D50-6739E9E8EB8F}.Release|x86.ActiveCfg = Release|x86
		{4E21F2F5-3899-4C81-9D50-6739E9E8EB8F}.Release|x86.Build.0 = Release|x86
		{D34FD528-2617-40FA-A166-9FC09FD04696}.Debug|Any CPU.ActiveCfg = Debug|x86
		{D34FD528-2617-40FA-A166-9FC09FD04696}.Debug|Any CPU.Build.0 = Debug|x86
		{D34FD528-2617-40FA-A166-9FC09FD04696}.Debug|x86.ActiveCfg = Debug|x86
		{D34FD528-2617-40FA-A166-9FC09FD04696}.Debug|x86.Build.0 = Debug|x86
		{D34FD528-2617-40FA-A166-9FC09FD04696}.Release|Any CPU.ActiveCfg = Release|Any CPU
		{D34FD528-2617-40FA-A166-9FC09FD04696}.Release|Any CPU.Build.0 = Release|Any CPU
		{D34FD528-2617-40FA-A166-9FC09FD04696}.Release|x86.ActiveCfg = Release|Any CPU
		{00754511-F6AE-420B-853C-12E9BB3E4FB7}.Debug|Any CPU.ActiveCfg = Debug|x86
		{00754511-F6AE-420B-853C-12E9BB3E4FB7}.Debug|Any CPU.Build.0 = Debug|x86
		{00754511-F6AE-420B-853C-12E9BB3E4FB7}.Debug|x86.ActiveCfg = Debug|x86
		{00754511-F6AE-420B-853C-12E9BB3E4FB7}.Debug|x86.Build.0 = Debug|x86
		{00754511-F6AE-420B-853C-12E9BB3E4FB7}.Release|Any CPU.ActiveCfg = Release|Any CPU
		{00754511-F6AE-420B-853C-12E9BB3E4FB7}.Release|Any CPU.Build.0 = Release|Any CPU
		{00754511-F6AE-420B-853C-12E9BB3E4FB7}.Release|x86.ActiveCfg = Release|x86
		{00754511-F6AE-420B-853C-12E9BB3E4FB7}.Release|x86.Build.0 = Release|x86
		{5A5CAE8F-02AF-4C92-A5C2-B0E5FC66F57F}.Debug|Any CPU.ActiveCfg = Debug|x86
		{5A5CAE8F-02AF-4C92-A5C2-B0E5FC66F57F}.Debug|Any CPU.Build.0 = Debug|x86
		{5A5CAE8F-02AF-4C92-A5C2-B0E5FC66F57F}.Debug|x86.ActiveCfg = Debug|x86
		{5A5CAE8F-02AF-4C92-A5C2-B0E5FC66F57F}.Debug|x86.Build.0 = Debug|x86
		{5A5CAE8F-02AF-4C92-A5C2-B0E5FC66F57F}.Release|Any CPU.ActiveCfg = Release|Any CPU
		{5A5CAE8F-02AF-4C92-A5C2-B0E5FC66F57F}.Release|Any CPU.Build.0 = Release|Any CPU
		{5A5CAE8F-02AF-4C92-A5C2-B0E5FC66F57F}.Release|x86.ActiveCfg = Release|x86
		{5A5CAE8F-02AF-4C92-A5C2-B0E5FC66F57F}.Release|x86.Build.0 = Release|x86
		{2D6DD9D9-5D68-474D-9A06-FE2F3FD646F0}.Debug|Any CPU.ActiveCfg = Debug|x86
		{2D6DD9D9-5D68-474D-9A06-FE2F3FD646F0}.Debug|Any CPU.Build.0 = Debug|x86
		{2D6DD9D9-5D68-474D-9A06-FE2F3FD646F0}.Debug|x86.ActiveCfg = Debug|x86
		{2D6DD9D9-5D68-474D-9A06-FE2F3FD646F0}.Debug|x86.Build.0 = Debug|x86
		{2D6DD9D9-5D68-474D-9A06-FE2F3FD646F0}.Release|Any CPU.ActiveCfg = Release|Any CPU
		{2D6DD9D9-5D68-474D-9A06-FE2F3FD646F0}.Release|Any CPU.Build.0 = Release|Any CPU
		{2D6DD9D9-5D68-474D-9A06-FE2F3FD646F0}.Release|x86.ActiveCfg = Release|x86
		{2D6DD9D9-5D68-474D-9A06-FE2F3FD646F0}.Release|x86.Build.0 = Release|x86
		{31145696-5C2E-465A-AA3C-631920768922}.Debug|Any CPU.ActiveCfg = Debug|x86
		{31145696-5C2E-465A-AA3C-631920768922}.Debug|Any CPU.Build.0 = Debug|x86
		{31145696-5C2E-465A-AA3C-631920768922}.Debug|x86.ActiveCfg = Debug|x86
		{31145696-5C2E-465A-AA3C-631920768922}.Debug|x86.Build.0 = Debug|x86
		{31145696-5C2E-465A-AA3C-631920768922}.Release|Any CPU.ActiveCfg = Release|Any CPU
		{31145696-5C2E-465A-AA3C-631920768922}.Release|Any CPU.Build.0 = Release|Any CPU
		{31145696-5C2E-465A-AA3C-631920768922}.Release|x86.ActiveCfg = Release|x86
		{31145696-5C2E-465A-AA3C-631920768922}.Release|x86.Build.0 = Release|x86
		{E2ADCE44-689D-4E3F-84FF-5CA207B83E1C}.Debug|Any CPU.ActiveCfg = Debug|x86
		{E2ADCE44-689D-4E3F-84FF-5CA207B83E1C}.Debug|Any CPU.Build.0 = Debug|x86
		{E2ADCE44-689D-4E3F-84FF-5CA207B83E1C}.Debug|x86.ActiveCfg = Debug|x86
		{E2ADCE44-689D-4E3F-84FF-5CA207B83E1C}.Debug|x86.Build.0 = Debug|x86
		{E2ADCE44-689D-4E3F-84FF-5CA207B83E1C}.Release|Any CPU.ActiveCfg = Release|Any CPU
		{E2ADCE44-689D-4E3F-84FF-5CA207B83E1C}.Release|Any CPU.Build.0 = Release|Any CPU
		{E2ADCE44-689D-4E3F-84FF-5CA207B83E1C}.Release|x86.ActiveCfg = Release|x86
		{E2ADCE44-689D-4E3F-84FF-5CA207B83E1C}.Release|x86.Build.0 = Release|x86
	EndGlobalSection
	GlobalSection(SolutionProperties) = preSolution
		HideSolutionNode = FALSE
	EndGlobalSection
EndGlobal
